
Microsoft Visual Studio Solution File, Format Version 12.00
# Visual Studio 15
VisualStudioVersion = 15.0.27130.2003
MinimumVisualStudioVersion = 10.0.40219.1
Project("{FAE04EC0-301F-11D3-BF4B-00C04F79EFBC}") = "SquawCreekFinal", "SquawCreekFinal\SquawCreekFinal.csproj", "{7774EF5D-EF6C-4590-B0E3-2A58DFBA1EA4}"
EndProject
Project("{FAE04EC0-301F-11D3-BF4B-00C04F79EFBC}") = "SqualCreekBusinessLayer", "SqualCreekBusinessLayer\SqualCreekBusinessLayer.csproj", "{2EBAEA3D-EBA1-4C0C-A3F4-DD36259696BE}"
EndProject
Global
	GlobalSection(SolutionConfigurationPlatforms) = preSolution
		Debug|Any CPU = Debug|Any CPU
		Release|Any CPU = Release|Any CPU
	EndGlobalSection
	GlobalSection(ProjectConfigurationPlatforms) = postSolution
		{7774EF5D-EF6C-4590-B0E3-2A58DFBA1EA4}.Debug|Any CPU.ActiveCfg = Debug|Any CPU
		{7774EF5D-EF6C-4590-B0E3-2A58DFBA1EA4}.Debug|Any CPU.Build.0 = Debug|Any CPU
		{7774EF5D-EF6C-4590-B0E3-2A58DFBA1EA4}.Release|Any CPU.ActiveCfg = Release|Any CPU
		{7774EF5D-EF6C-4590-B0E3-2A58DFBA1EA4}.Release|Any CPU.Build.0 = Release|Any CPU
		{2EBAEA3D-EBA1-4C0C-A3F4-DD36259696BE}.Debug|Any CPU.ActiveCfg = Debug|Any CPU
		{2EBAEA3D-EBA1-4C0C-A3F4-DD36259696BE}.Debug|Any CPU.Build.0 = Debug|Any CPU
		{2EBAEA3D-EBA1-4C0C-A3F4-DD36259696BE}.Release|Any CPU.ActiveCfg = Release|Any CPU
		{2EBAEA3D-EBA1-4C0C-A3F4-DD36259696BE}.Release|Any CPU.Build.0 = Release|Any CPU
	EndGlobalSection
	GlobalSection(SolutionProperties) = preSolution
		HideSolutionNode = FALSE
	EndGlobalSection
	GlobalSection(ExtensibilityGlobals) = postSolution
		SolutionGuid = {19D834A6-54E0-4ED5-839D-75CDAB417DDD}
	EndGlobalSection
	GlobalSection(TeamFoundationVersionControl) = preSolution
		SccNumberOfProjects = 3
		SccEnterpriseProvider = {4CA58AB2-18FA-4F8D-95D4-32DDF27D184C}
		SccTeamFoundationServer = https://aqperkins.visualstudio.com/
		SccLocalPath0 = .
		SccProjectUniqueName1 = SqualCreekBusinessLayer\\SqualCreekBusinessLayer.csproj
		SccProjectName1 = SqualCreekBusinessLayer
		SccLocalPath1 = SqualCreekBusinessLayer
		SccProjectUniqueName2 = SquawCreekFinal\\SquawCreekFinal.csproj
		SccProjectName2 = SquawCreekFinal
		SccLocalPath2 = SquawCreekFinal
	EndGlobalSection
EndGlobal
